dependencies:
- name: meilisearch
  repository: https://meilisearch.github.io/meilisearch-kubernetes
  version: 0.1.45
- name: munin
  repository: ""
  version: 0.2.15
- name: hugin
  repository: ""
  version: 0.2.15
digest: sha256:8ccace3ca9aa7c676340cd9b8998076af187ecb93c9b5785a57945214e245862
generated: "2023-02-15T21:31:11.274534997+01:00"
